
Microsoft Visual Studio Solution File, Format Version 12.00
# Visual Studio 15
VisualStudioVersion = 15.0.26124.0
MinimumVisualStudioVersion = 15.0.26124.0
Project("{FAE04EC0-301F-11D3-BF4B-00C04F79EFBC}") = "Domain", "Domain\Domain.csproj", "{ECB14750-45E8-4D95-BC78-33A8DAB28A99}"
EndProject
Project("{FAE04EC0-301F-11D3-BF4B-00C04F79EFBC}") = "Application", "Application\Application.csproj", "{68A4D3D1-0FD0-451A-9E77-E9BD8A2400E2}"
EndProject
Project("{FAE04EC0-301F-11D3-BF4B-00C04F79EFBC}") = "API", "API\API.csproj", "{D2EBBC25-D1EB-48D4-977A-811417C691D6}"
EndProject
Project("{FAE04EC0-301F-11D3-BF4B-00C04F79EFBC}") = "Persistence", "Persistence\Persistence.csproj", "{DF5CD168-9A59-4B30-871C-CACF7B3A9964}"
EndProject
Project("{FAE04EC0-301F-11D3-BF4B-00C04F79EFBC}") = "Infrastructure", "Infrastructure\Infrastructure.csproj", "{3D70629A-662E-46D6-9D98-DF5B8DA260F7}"
EndProject
Global
	GlobalSection(SolutionConfigurationPlatforms) = preSolution
		Debug|Any CPU = Debug|Any CPU
		Debug|x64 = Debug|x64
		Debug|x86 = Debug|x86
		Release|Any CPU = Release|Any CPU
		Release|x64 = Release|x64
		Release|x86 = Release|x86
	EndGlobalSection
	GlobalSection(SolutionProperties) = preSolution
		HideSolutionNode = FALSE
	EndGlobalSection
	GlobalSection(ProjectConfigurationPlatforms) = postSolution
		{ECB14750-45E8-4D95-BC78-33A8DAB28A99}.Debug|Any CPU.ActiveCfg = Debug|Any CPU
		{ECB14750-45E8-4D95-BC78-33A8DAB28A99}.Debug|Any CPU.Build.0 = Debug|Any CPU
		{ECB14750-45E8-4D95-BC78-33A8DAB28A99}.Debug|x64.ActiveCfg = Debug|Any CPU
		{ECB14750-45E8-4D95-BC78-33A8DAB28A99}.Debug|x64.Build.0 = Debug|Any CPU
		{ECB14750-45E8-4D95-BC78-33A8DAB28A99}.Debug|x86.ActiveCfg = Debug|Any CPU
		{ECB14750-45E8-4D95-BC78-33A8DAB28A99}.Debug|x86.Build.0 = Debug|Any CPU
		{ECB14750-45E8-4D95-BC78-33A8DAB28A99}.Release|Any CPU.ActiveCfg = Release|Any CPU
		{ECB14750-45E8-4D95-BC78-33A8DAB28A99}.Release|Any CPU.Build.0 = Release|Any CPU
		{ECB14750-45E8-4D95-BC78-33A8DAB28A99}.Release|x64.ActiveCfg = Release|Any CPU
		{ECB14750-45E8-4D95-BC78-33A8DAB28A99}.Release|x64.Build.0 = Release|Any CPU
		{ECB14750-45E8-4D95-BC78-33A8DAB28A99}.Release|x86.ActiveCfg = Release|Any CPU
		{ECB14750-45E8-4D95-BC78-33A8DAB28A99}.Release|x86.Build.0 = Release|Any CPU
		{68A4D3D1-0FD0-451A-9E77-E9BD8A2400E2}.Debug|Any CPU.ActiveCfg = Debug|Any CPU
		{68A4D3D1-0FD0-451A-9E77-E9BD8A2400E2}.Debug|Any CPU.Build.0 = Debug|Any CPU
		{68A4D3D1-0FD0-451A-9E77-E9BD8A2400E2}.Debug|x64.ActiveCfg = Debug|Any CPU
		{68A4D3D1-0FD0-451A-9E77-E9BD8A2400E2}.Debug|x64.Build.0 = Debug|Any CPU
		{68A4D3D1-0FD0-451A-9E77-E9BD8A2400E2}.Debug|x86.ActiveCfg = Debug|Any CPU
		{68A4D3D1-0FD0-451A-9E77-E9BD8A2400E2}.Debug|x86.Build.0 = Debug|Any CPU
		{68A4D3D1-0FD0-451A-9E77-E9BD8A2400E2}.Release|Any CPU.ActiveCfg = Release|Any CPU
		{68A4D3D1-0FD0-451A-9E77-E9BD8A2400E2}.Release|Any CPU.Build.0 = Release|Any CPU
		{68A4D3D1-0FD0-451A-9E77-E9BD8A2400E2}.Release|x64.ActiveCfg = Release|Any CPU
		{68A4D3D1-0FD0-451A-9E77-E9BD8A2400E2}.Release|x64.Build.0 = Release|Any CPU
		{68A4D3D1-0FD0-451A-9E77-E9BD8A2400E2}.Release|x86.ActiveCfg = Release|Any CPU
		{68A4D3D1-0FD0-451A-9E77-E9BD8A2400E2}.Release|x86.Build.0 = Release|Any CPU
		{D2EBBC25-D1EB-48D4-977A-811417C691D6}.Debug|Any CPU.ActiveCfg = Debug|Any CPU
		{D2EBBC25-D1EB-48D4-977A-811417C691D6}.Debug|Any CPU.Build.0 = Debug|Any CPU
		{D2EBBC25-D1EB-48D4-977A-811417C691D6}.Debug|x64.ActiveCfg = Debug|Any CPU
		{D2EBBC25-D1EB-48D4-977A-811417C691D6}.Debug|x64.Build.0 = Debug|Any CPU
		{D2EBBC25-D1EB-48D4-977A-811417C691D6}.Debug|x86.ActiveCfg = Debug|Any CPU
		{D2EBBC25-D1EB-48D4-977A-811417C691D6}.Debug|x86.Build.0 = Debug|Any CPU
		{D2EBBC25-D1EB-48D4-977A-811417C691D6}.Release|Any CPU.ActiveCfg = Release|Any CPU
		{D2EBBC25-D1EB-48D4-977A-811417C691D6}.Release|Any CPU.Build.0 = Release|Any CPU
		{D2EBBC25-D1EB-48D4-977A-811417C691D6}.Release|x64.ActiveCfg = Release|Any CPU
		{D2EBBC25-D1EB-48D4-977A-811417C691D6}.Release|x64.Build.0 = Release|Any CPU
		{D2EBBC25-D1EB-48D4-977A-811417C691D6}.Release|x86.ActiveCfg = Release|Any CPU
		{D2EBBC25-D1EB-48D4-977A-811417C691D6}.Release|x86.Build.0 = Release|Any CPU
		{DF5CD168-9A59-4B30-871C-CACF7B3A9964}.Debug|Any CPU.ActiveCfg = Debug|Any CPU
		{DF5CD168-9A59-4B30-871C-CACF7B3A9964}.Debug|Any CPU.Build.0 = Debug|Any CPU
		{DF5CD168-9A59-4B30-871C-CACF7B3A9964}.Debug|x64.ActiveCfg = Debug|Any CPU
		{DF5CD168-9A59-4B30-871C-CACF7B3A9964}.Debug|x64.Build.0 = Debug|Any CPU
		{DF5CD168-9A59-4B30-871C-CACF7B3A9964}.Debug|x86.ActiveCfg = Debug|Any CPU
		{DF5CD168-9A59-4B30-871C-CACF7B3A9964}.Debug|x86.Build.0 = Debug|Any CPU
		{DF5CD168-9A59-4B30-871C-CACF7B3A9964}.Release|Any CPU.ActiveCfg = Release|Any CPU
		{DF5CD168-9A59-4B30-871C-CACF7B3A9964}.Release|Any CPU.Build.0 = Release|Any CPU
		{DF5CD168-9A59-4B30-871C-CACF7B3A9964}.Release|x64.ActiveCfg = Release|Any CPU
		{DF5CD168-9A59-4B30-871C-CACF7B3A9964}.Release|x64.Build.0 = Release|Any CPU
		{DF5CD168-9A59-4B30-871C-CACF7B3A9964}.Release|x86.ActiveCfg = Release|Any CPU
		{DF5CD168-9A59-4B30-871C-CACF7B3A9964}.Release|x86.Build.0 = Release|Any CPU
		{3D70629A-662E-46D6-9D98-DF5B8DA260F7}.Debug|Any CPU.ActiveCfg = Debug|Any CPU
		{3D70629A-662E-46D6-9D98-DF5B8DA260F7}.Debug|Any CPU.Build.0 = Debug|Any CPU
		{3D70629A-662E-46D6-9D98-DF5B8DA260F7}.Debug|x64.ActiveCfg = Debug|Any CPU
		{3D70629A-662E-46D6-9D98-DF5B8DA260F7}.Debug|x64.Build.0 = Debug|Any CPU
		{3D70629A-662E-46D6-9D98-DF5B8DA260F7}.Debug|x86.ActiveCfg = Debug|Any CPU
		{3D70629A-662E-46D6-9D98-DF5B8DA260F7}.Debug|x86.Build.0 = Debug|Any CPU
		{3D70629A-662E-46D6-9D98-DF5B8DA260F7}.Release|Any CPU.ActiveCfg = Release|Any CPU
		{3D70629A-662E-46D6-9D98-DF5B8DA260F7}.Release|Any CPU.Build.0 = Release|Any CPU
		{3D70629A-662E-46D6-9D98-DF5B8DA260F7}.Release|x64.ActiveCfg = Release|Any CPU
		{3D70629A-662E-46D6-9D98-DF5B8DA260F7}.Release|x64.Build.0 = Release|Any CPU
		{3D70629A-662E-46D6-9D98-DF5B8DA260F7}.Release|x86.ActiveCfg = Release|Any CPU
		{3D70629A-662E-46D6-9D98-DF5B8DA260F7}.Release|x86.Build.0 = Release|Any CPU
	EndGlobalSection
EndGlobal
